
Microsoft Visual Studio Solution File, Format Version 12.00
# Visual Studio Version 16
VisualStudioVersion = 16.0.30804.86
MinimumVisualStudioVersion = 10.0.40219.1
Project("{FAE04EC0-301F-11D3-BF4B-00C04F79EFBC}") = "WebScrapingCar", "WebScrapingCar\WebScrapingCar.csproj", "{B954317E-5712-47B5-9F28-872986387EF4}"
EndProject
Global
	GlobalSection(SolutionConfigurationPlatforms) = preSolution
		Debug|Any CPU = Debug|Any CPU
		Release|Any CPU = Release|Any CPU
	EndGlobalSection
	GlobalSection(ProjectConfigurationPlatforms) = postSolution
		{B954317E-5712-47B5-9F28-872986387EF4}.Debug|Any CPU.ActiveCfg = Debug|Any CPU
		{B954317E-5712-47B5-9F28-872986387EF4}.Debug|Any CPU.Build.0 = Debug|Any CPU
		{B954317E-5712-47B5-9F28-872986387EF4}.Release|Any CPU.ActiveCfg = Release|Any CPU
		{B954317E-5712-47B5-9F28-872986387EF4}.Release|Any CPU.Build.0 = Release|Any CPU
	EndGlobalSection
	GlobalSection(SolutionProperties) = preSolution
		HideSolutionNode = FALSE
	EndGlobalSection
	GlobalSection(ExtensibilityGlobals) = postSolution
		SolutionGuid = {FBD78EE3-8E90-4EA8-88FF-C6100EA8224B}
	EndGlobalSection
EndGlobal
